// !$*UTF8*$!
{
	archiveVersion = 1;
	classes = {
	};
	objectVersion = 50;
	objects = {

/* Begin PBXBuildFile section */
		B008ED1522CD125D0024217F /* OBMapViewTests.swift in Sources */ = {isa = PBXBuildFile; fileRef = B008ED1422CD125D0024217F /* OBMapViewTests.swift */; };
		B01BA8D9229810270035ED9D /* OBCustomRegionNamesTableViewController.swift in Sources */ = {isa = PBXBuildFile; fileRef = B01BA8D8229810270035ED9D /* OBCustomRegionNamesTableViewController.swift */; };
		B01BA8DB2298230D0035ED9D /* OBCustomRegionNameCell.swift in Sources */ = {isa = PBXBuildFile; fileRef = B01BA8DA2298230D0035ED9D /* OBCustomRegionNameCell.swift */; };
		B028083C238C794E00E8436F /* OBInfoViewController.storyboard in Resources */ = {isa = PBXBuildFile; fileRef = B028083B238C794E00E8436F /* OBInfoViewController.storyboard */; };
		B028F39122BAF66600133A8A /* New Highscore Wind Tunes.m4a in Resources */ = {isa = PBXBuildFile; fileRef = B028F39022BAF66600133A8A /* New Highscore Wind Tunes.m4a */; };
		B02EFFFB227B445900825656 /* OBMenuViewController.swift in Sources */ = {isa = PBXBuildFile; fileRef = B02EFFFA227B445900825656 /* OBMenuViewController.swift */; };
		B032668A22A5BE1000EA767B /* OBPauseViewController.swift in Sources */ = {isa = PBXBuildFile; fileRef = B032668922A5BE1000EA767B /* OBPauseViewController.swift */; };
		B03A9459238C7B4C00CCE58E /* OBHighscoreViewController.storyboard in Resources */ = {isa = PBXBuildFile; fileRef = B03A9458238C7B4C00CCE58E /* OBHighscoreViewController.storyboard */; };
		B03A945B238C7D3000CCE58E /* OBGameResultViewController.storyboard in Resources */ = {isa = PBXBuildFile; fileRef = B03A945A238C7D3000CCE58E /* OBGameResultViewController.storyboard */; };
		B03A945D238C7F8200CCE58E /* OBLanguageSettingTableViewController.storyboard in Resources */ = {isa = PBXBuildFile; fileRef = B03A945C238C7F8200CCE58E /* OBLanguageSettingTableViewController.storyboard */; };
		B03A945F238C802400CCE58E /* OBCustomRegionNamesTableViewController.storyboard in Resources */ = {isa = PBXBuildFile; fileRef = B03A945E238C802400CCE58E /* OBCustomRegionNamesTableViewController.storyboard */; };
		B03A9460238C803F00CCE58E /* OBLanguageSettingTableViewController.storyboard in Resources */ = {isa = PBXBuildFile; fileRef = B03A945C238C7F8200CCE58E /* OBLanguageSettingTableViewController.storyboard */; };
		B03A9461238C803F00CCE58E /* OBCustomRegionNamesTableViewController.storyboard in Resources */ = {isa = PBXBuildFile; fileRef = B03A945E238C802400CCE58E /* OBCustomRegionNamesTableViewController.storyboard */; };
		B03A9462238C803F00CCE58E /* OBInfoViewController.storyboard in Resources */ = {isa = PBXBuildFile; fileRef = B028083B238C794E00E8436F /* OBInfoViewController.storyboard */; };
		B03A9463238C803F00CCE58E /* OBHighscoreViewController.storyboard in Resources */ = {isa = PBXBuildFile; fileRef = B03A9458238C7B4C00CCE58E /* OBHighscoreViewController.storyboard */; };
		B03A9464238C803F00CCE58E /* OBGameResultViewController.storyboard in Resources */ = {isa = PBXBuildFile; fileRef = B03A945A238C7D3000CCE58E /* OBGameResultViewController.storyboard */; };
		B040E8A0228AD6F3009C05D8 /* UITableViewCell+set(enabled.swift in Sources */ = {isa = PBXBuildFile; fileRef = B040E89F228AD6F3009C05D8 /* UITableViewCell+set(enabled.swift */; };
		B040E8A2228AE74F009C05D8 /* UIView+set(hidden animationDuration.swift in Sources */ = {isa = PBXBuildFile; fileRef = B040E8A1228AE74F009C05D8 /* UIView+set(hidden animationDuration.swift */; };
		B042BEF7229C439400FE4A5C /* InfoPlist.strings in Resources */ = {isa = PBXBuildFile; fileRef = B042BEF9229C439400FE4A5C /* InfoPlist.strings */; };
		B043EB05227C2A9F00F87F1F /* OBInfoViewController.swift in Sources */ = {isa = PBXBuildFile; fileRef = B043EB04227C2A9F00F87F1F /* OBInfoViewController.swift */; };
		B043EB07227C312A00F87F1F /* OBRoundCornerButton.swift in Sources */ = {isa = PBXBuildFile; fileRef = B043EB06227C312A00F87F1F /* OBRoundCornerButton.swift */; };
		B04DDB78228B4EB8008B9DD9 /* OBGameResultViewController.swift in Sources */ = {isa = PBXBuildFile; fileRef = B04DDB77228B4EB8008B9DD9 /* OBGameResultViewController.swift */; };
		B04DE48022858F8D00939C4E /* OBModeSettingTableViewController.swift in Sources */ = {isa = PBXBuildFile; fileRef = B04DE47F22858F8D00939C4E /* OBModeSettingTableViewController.swift */; };
		B04DE4822285A6A500939C4E /* OBSettingsNavigationController.swift in Sources */ = {isa = PBXBuildFile; fileRef = B04DE4812285A6A500939C4E /* OBSettingsNavigationController.swift */; };
		B04DE4842285B2A700939C4E /* UIViewController+dismissNavigationController.swift in Sources */ = {isa = PBXBuildFile; fileRef = B04DE4832285B2A700939C4E /* UIViewController+dismissNavigationController.swift */; };
		B05844F9229BD7F7004836FE /* Custom Notification Names.swift in Sources */ = {isa = PBXBuildFile; fileRef = B05844F8229BD7F7004836FE /* Custom Notification Names.swift */; };
		B05A2AAE227A553400D8BA5C /* OBGameControllerDelegate.swift in Sources */ = {isa = PBXBuildFile; fileRef = B05A2AAD227A553400D8BA5C /* OBGameControllerDelegate.swift */; };
		B05A884D22C54DB50013F52F /* Ukraine.json in Resources */ = {isa = PBXBuildFile; fileRef = B05A884C22C54DB40013F52F /* Ukraine.json */; };
		B05E15C222746C9C007C85AF /* OBGameController.swift in Sources */ = {isa = PBXBuildFile; fileRef = B05E15C122746C9C007C85AF /* OBGameController.swift */; };
		B05E15C422746CDF007C85AF /* OBRegion.swift in Sources */ = {isa = PBXBuildFile; fileRef = B05E15C322746CDF007C85AF /* OBRegion.swift */; };
		B063BE0F22C8D16B0070C9F9 /* JSONDictionary.swift in Sources */ = {isa = PBXBuildFile; fileRef = B063BE0E22C8D16B0070C9F9 /* JSONDictionary.swift */; };
		B06B4E7822A680B000C0797B /* OBPauseViewControllerDelegate.swift in Sources */ = {isa = PBXBuildFile; fileRef = B06B4E7722A680B000C0797B /* OBPauseViewControllerDelegate.swift */; };
		B06F0E54229AFCAF00AD9A25 /* OBDefaultsKeyControllable.swift in Sources */ = {isa = PBXBuildFile; fileRef = B06F0E53229AFCAF00AD9A25 /* OBDefaultsKeyControllable.swift */; };
		B07099AA2292B743005D0C3E /* OBGameTimeFormatter.swift in Sources */ = {isa = PBXBuildFile; fileRef = B07099A92292B743005D0C3E /* OBGameTimeFormatter.swift */; };
		B07A9ED3227CFC4400C4D2F0 /* OBResources.swift in Sources */ = {isa = PBXBuildFile; fileRef = B07A9ED2227CFC4400C4D2F0 /* OBResources.swift */; };
		B07C5F6D2280435D009059A7 /* OBGame.swift in Sources */ = {isa = PBXBuildFile; fileRef = B07C5F6C2280435D009059A7 /* OBGame.swift */; };
		B07C5F6F22805F12009059A7 /* OBSettingsTableViewController.swift in Sources */ = {isa = PBXBuildFile; fileRef = B07C5F6E22805F12009059A7 /* OBSettingsTableViewController.swift */; };
		B0904F93226F858E007842CA /* AppDelegate.swift in Sources */ = {isa = PBXBuildFile; fileRef = B0904F92226F858E007842CA /* AppDelegate.swift */; };
		B0904F95226F858E007842CA /* OBGameSceneViewController.swift in Sources */ = {isa = PBXBuildFile; fileRef = B0904F94226F858E007842CA /* OBGameSceneViewController.swift */; };
		B0904F98226F858E007842CA /* Main.storyboard in Resources */ = {isa = PBXBuildFile; fileRef = B0904F96226F858E007842CA /* Main.storyboard */; };
		B0904F9A226F858F007842CA /* Assets.xcassets in Resources */ = {isa = PBXBuildFile; fileRef = B0904F99226F858F007842CA /* Assets.xcassets */; };
		B0904F9D226F858F007842CA /* LaunchScreen.storyboard in Resources */ = {isa = PBXBuildFile; fileRef = B0904F9B226F858F007842CA /* LaunchScreen.storyboard */; };
		B0904FA9226F8656007842CA /* OBMapView.swift in Sources */ = {isa = PBXBuildFile; fileRef = B0904FA8226F8656007842CA /* OBMapView.swift */; };
		B0920DD2238C823E006A1085 /* OBConfirmationViewController.storyboard in Resources */ = {isa = PBXBuildFile; fileRef = B0920DD1238C823E006A1085 /* OBConfirmationViewController.storyboard */; };
		B09CF0CB22832ABA00BC7FED /* OBSettings.swift in Sources */ = {isa = PBXBuildFile; fileRef = B09CF0CA22832ABA00BC7FED /* OBSettings.swift */; };
		B09CF0CD2283391E00BC7FED /* String+localized(in language.swift in Sources */ = {isa = PBXBuildFile; fileRef = B09CF0CC2283391E00BC7FED /* String+localized(in language.swift */; };
		B0AAE785228497BA002D7264 /* OBSettingsController.swift in Sources */ = {isa = PBXBuildFile; fileRef = B0AAE784228497BA002D7264 /* OBSettingsController.swift */; };
		B0AD696022D3A16B0092FAEA /* OBGameControllerTests.swift in Sources */ = {isa = PBXBuildFile; fileRef = B0AD695F22D3A16B0092FAEA /* OBGameControllerTests.swift */; };
		B0BFD4FA2297151E002EA6EF /* OBRemovableObserver.swift in Sources */ = {isa = PBXBuildFile; fileRef = B0BFD4F92297151E002EA6EF /* OBRemovableObserver.swift */; };
		B0C4168622BA45E40058633F /* Completion Bell.m4a in Resources */ = {isa = PBXBuildFile; fileRef = B0C4168522BA45E30058633F /* Completion Bell.m4a */; };
		B0C49DEB227A2B2400561892 /* GameColorExtensions.swift in Sources */ = {isa = PBXBuildFile; fileRef = B0C49DEA227A2B2400561892 /* GameColorExtensions.swift */; };
		B0C7D80F2288DA36006D8BE8 /* OBLanguageSettingTableViewController.swift in Sources */ = {isa = PBXBuildFile; fileRef = B0C7D80E2288DA36006D8BE8 /* OBLanguageSettingTableViewController.swift */; };
		B0C95BD522A45135005A18A8 /* OBConfirmationViewController.swift in Sources */ = {isa = PBXBuildFile; fileRef = B0C95BD422A45135005A18A8 /* OBConfirmationViewController.swift */; };
		B0CFD85B22AD470E00AB3465 /* Settings.bundle in Resources */ = {isa = PBXBuildFile; fileRef = B0CFD85A22AD470E00AB3465 /* Settings.bundle */; };
		B0D0EA2C229E010000278597 /* OBPresentationStyleAdjustable.swift in Sources */ = {isa = PBXBuildFile; fileRef = B0D0EA2B229E010000278597 /* OBPresentationStyleAdjustable.swift */; };
		B0E164B8228C4BD700615DC5 /* OBHighscoreViewController.swift in Sources */ = {isa = PBXBuildFile; fileRef = B0E164B7228C4BD700615DC5 /* OBHighscoreViewController.swift */; };
		B0E1846D2281AA21008E5C6D /* Localizable.strings in Resources */ = {isa = PBXBuildFile; fileRef = B0E1846F2281AA21008E5C6D /* Localizable.strings */; };
		B0E1EE1822B680D9004640D6 /* Wrong Answer Strings.m4a in Resources */ = {isa = PBXBuildFile; fileRef = B0E1EE1622B680D8004640D6 /* Wrong Answer Strings.m4a */; };
		B0E1EE1922B680D9004640D6 /* Correct Answer Bell.m4a in Resources */ = {isa = PBXBuildFile; fileRef = B0E1EE1722B680D9004640D6 /* Correct Answer Bell.m4a */; };
		B0E1EE1C22B68156004640D6 /* OBSoundController.swift in Sources */ = {isa = PBXBuildFile; fileRef = B0E1EE1B22B68156004640D6 /* OBSoundController.swift */; };
		B0EF924B22898611000DC283 /* RegionNames.strings in Resources */ = {isa = PBXBuildFile; fileRef = B0EF924D22898611000DC283 /* RegionNames.strings */; };
		B0F2ACCE238C8FA900A9B8F7 /* OBModeSettingTableViewController.storyboard in Resources */ = {isa = PBXBuildFile; fileRef = B0F2ACCD238C8FA900A9B8F7 /* OBModeSettingTableViewController.storyboard */; };
		B0FE111222CDDCCF001B5246 /* OBSettingsControllerTests.swift in Sources */ = {isa = PBXBuildFile; fileRef = B0FE111122CDDCCF001B5246 /* OBSettingsControllerTests.swift */; };
		B0FE62A322C8119A004905B3 /* UIBezierPath+initFromJSON.swift in Sources */ = {isa = PBXBuildFile; fileRef = B0FE62A222C8119A004905B3 /* UIBezierPath+initFromJSON.swift */; };
		B0FE62A522C8203B004905B3 /* CGPoint+failableInit.swift in Sources */ = {isa = PBXBuildFile; fileRef = B0FE62A422C8203B004905B3 /* CGPoint+failableInit.swift */; };
/* End PBXBuildFile section */

/* Begin PBXContainerItemProxy section */
		B008ED0F22CD115C0024217F /* PBXContainerItemProxy */ = {
			isa = PBXContainerItemProxy;
			containerPortal = B0904F87226F858E007842CA /* Project object */;
			proxyType = 1;
			remoteGlobalIDString = B0904F8E226F858E007842CA;
			remoteInfo = "Oblasti UA";
		};
/* End PBXContainerItemProxy section */

/* Begin PBXFileReference section */
		B008ED0A22CD115C0024217F /* Oblasti UATests.xctest */ = {isa = PBXFileReference; explicitFileType = wrapper.cfbundle; includeInIndex = 0; path = "Oblasti UATests.xctest"; sourceTree = BUILT_PRODUCTS_DIR; };
		B008ED0E22CD115C0024217F /* Info.plist */ = {isa = PBXFileReference; lastKnownFileType = text.plist.xml; path = Info.plist; sourceTree = "<group>"; };
		B008ED1422CD125D0024217F /* OBMapViewTests.swift */ = {isa = PBXFileReference; lastKnownFileType = sourcecode.swift; path = OBMapViewTests.swift; sourceTree = "<group>"; };
		B01BA8D8229810270035ED9D /* OBCustomRegionNamesTableViewController.swift */ = {isa = PBXFileReference; lastKnownFileType = sourcecode.swift; path = OBCustomRegionNamesTableViewController.swift; sourceTree = "<group>"; };
		B01BA8DA2298230D0035ED9D /* OBCustomRegionNameCell.swift */ = {isa = PBXFileReference; lastKnownFileType = sourcecode.swift; path = OBCustomRegionNameCell.swift; sourceTree = "<group>"; };
		B028083B238C794E00E8436F /* OBInfoViewController.storyboard */ = {isa = PBXFileReference; lastKnownFileType = file.storyboard; path = OBInfoViewController.storyboard; sourceTree = "<group>"; };
		B028F39022BAF66600133A8A /* New Highscore Wind Tunes.m4a */ = {isa = PBXFileReference; lastKnownFileType = file; path = "New Highscore Wind Tunes.m4a"; sourceTree = "<group>"; };
		B02EFFFA227B445900825656 /* OBMenuViewController.swift */ = {isa = PBXFileReference; lastKnownFileType = sourcecode.swift; path = OBMenuViewController.swift; sourceTree = "<group>"; };
		B032668922A5BE1000EA767B /* OBPauseViewController.swift */ = {isa = PBXFileReference; lastKnownFileType = sourcecode.swift; path = OBPauseViewController.swift; sourceTree = "<group>"; };
		B03A9458238C7B4C00CCE58E /* OBHighscoreViewController.storyboard */ = {isa = PBXFileReference; lastKnownFileType = file.storyboard; path = OBHighscoreViewController.storyboard; sourceTree = "<group>"; };
		B03A945A238C7D3000CCE58E /* OBGameResultViewController.storyboard */ = {isa = PBXFileReference; lastKnownFileType = file.storyboard; path = OBGameResultViewController.storyboard; sourceTree = "<group>"; };
		B03A945C238C7F8200CCE58E /* OBLanguageSettingTableViewController.storyboard */ = {isa = PBXFileReference; lastKnownFileType = file.storyboard; path = OBLanguageSettingTableViewController.storyboard; sourceTree = "<group>"; };
		B03A945E238C802400CCE58E /* OBCustomRegionNamesTableViewController.storyboard */ = {isa = PBXFileReference; lastKnownFileType = file.storyboard; path = OBCustomRegionNamesTableViewController.storyboard; sourceTree = "<group>"; };
		B040E89F228AD6F3009C05D8 /* UITableViewCell+set(enabled.swift */ = {isa = PBXFileReference; lastKnownFileType = sourcecode.swift; path = "UITableViewCell+set(enabled.swift"; sourceTree = "<group>"; };
		B040E8A1228AE74F009C05D8 /* UIView+set(hidden animationDuration.swift */ = {isa = PBXFileReference; lastKnownFileType = sourcecode.swift; path = "UIView+set(hidden animationDuration.swift"; sourceTree = "<group>"; };
		B042BEF8229C439400FE4A5C /* en */ = {isa = PBXFileReference; lastKnownFileType = text.plist.strings; name = en; path = en.lproj/InfoPlist.strings; sourceTree = "<group>"; };
		B042BEFA229C439800FE4A5C /* ru */ = {isa = PBXFileReference; lastKnownFileType = text.plist.strings; name = ru; path = ru.lproj/InfoPlist.strings; sourceTree = "<group>"; };
		B042BEFB229C439A00FE4A5C /* uk */ = {isa = PBXFileReference; lastKnownFileType = text.plist.strings; name = uk; path = uk.lproj/InfoPlist.strings; sourceTree = "<group>"; };
		B043EB04227C2A9F00F87F1F /* OBInfoViewController.swift */ = {isa = PBXFileReference; lastKnownFileType = sourcecode.swift; path = OBInfoViewController.swift; sourceTree = "<group>"; };
		B043EB06227C312A00F87F1F /* OBRoundCornerButton.swift */ = {isa = PBXFileReference; lastKnownFileType = sourcecode.swift; path = OBRoundCornerButton.swift; sourceTree = "<group>"; };
		B04DDB77228B4EB8008B9DD9 /* OBGameResultViewController.swift */ = {isa = PBXFileReference; lastKnownFileType = sourcecode.swift; path = OBGameResultViewController.swift; sourceTree = "<group>"; };
		B04DE47F22858F8D00939C4E /* OBModeSettingTableViewController.swift */ = {isa = PBXFileReference; lastKnownFileType = sourcecode.swift; path = OBModeSettingTableViewController.swift; sourceTree = "<group>"; };
		B04DE4812285A6A500939C4E /* OBSettingsNavigationController.swift */ = {isa = PBXFileReference; lastKnownFileType = sourcecode.swift; path = OBSettingsNavigationController.swift; sourceTree = "<group>"; };
		B04DE4832285B2A700939C4E /* UIViewController+dismissNavigationController.swift */ = {isa = PBXFileReference; lastKnownFileType = sourcecode.swift; path = "UIViewController+dismissNavigationController.swift"; sourceTree = "<group>"; };
		B05844F8229BD7F7004836FE /* Custom Notification Names.swift */ = {isa = PBXFileReference; lastKnownFileType = sourcecode.swift; path = "Custom Notification Names.swift"; sourceTree = "<group>"; };
		B05A2AAD227A553400D8BA5C /* OBGameControllerDelegate.swift */ = {isa = PBXFileReference; lastKnownFileType = sourcecode.swift; path = OBGameControllerDelegate.swift; sourceTree = "<group>"; };
		B05A884C22C54DB40013F52F /* Ukraine.json */ = {isa = PBXFileReference; fileEncoding = 4; lastKnownFileType = text.json; path = Ukraine.json; sourceTree = "<group>"; };
		B05E15C122746C9C007C85AF /* OBGameController.swift */ = {isa = PBXFileReference; lastKnownFileType = sourcecode.swift; path = OBGameController.swift; sourceTree = "<group>"; };
		B05E15C322746CDF007C85AF /* OBRegion.swift */ = {isa = PBXFileReference; lastKnownFileType = sourcecode.swift; path = OBRegion.swift; sourceTree = "<group>"; };
		B063BE0E22C8D16B0070C9F9 /* JSONDictionary.swift */ = {isa = PBXFileReference; lastKnownFileType = sourcecode.swift; path = JSONDictionary.swift; sourceTree = "<group>"; };
		B06B4E7722A680B000C0797B /* OBPauseViewControllerDelegate.swift */ = {isa = PBXFileReference; lastKnownFileType = sourcecode.swift; path = OBPauseViewControllerDelegate.swift; sourceTree = "<group>"; };
		B06F0E53229AFCAF00AD9A25 /* OBDefaultsKeyControllable.swift */ = {isa = PBXFileReference; lastKnownFileType = sourcecode.swift; path = OBDefaultsKeyControllable.swift; sourceTree = "<group>"; };
		B07099A92292B743005D0C3E /* OBGameTimeFormatter.swift */ = {isa = PBXFileReference; lastKnownFileType = sourcecode.swift; path = OBGameTimeFormatter.swift; sourceTree = "<group>"; };
		B07A9ED2227CFC4400C4D2F0 /* OBResources.swift */ = {isa = PBXFileReference; lastKnownFileType = sourcecode.swift; path = OBResources.swift; sourceTree = "<group>"; };
		B07C5F6C2280435D009059A7 /* OBGame.swift */ = {isa = PBXFileReference; lastKnownFileType = sourcecode.swift; path = OBGame.swift; sourceTree = "<group>"; };
		B07C5F6E22805F12009059A7 /* OBSettingsTableViewController.swift */ = {isa = PBXFileReference; lastKnownFileType = sourcecode.swift; path = OBSettingsTableViewController.swift; sourceTree = "<group>"; };
		B082A4352289934B0029C1CF /* zh-Hans */ = {isa = PBXFileReference; lastKnownFileType = text.plist.strings; name = "zh-Hans"; path = "zh-Hans.lproj/RegionNames.strings"; sourceTree = "<group>"; };
		B0904F8F226F858E007842CA /* Oblasti UA.app */ = {isa = PBXFileReference; explicitFileType = wrapper.application; includeInIndex = 0; path = "Oblasti UA.app"; sourceTree = BUILT_PRODUCTS_DIR; };
		B0904F92226F858E007842CA /* AppDelegate.swift */ = {isa = PBXFileReference; lastKnownFileType = sourcecode.swift; path = AppDelegate.swift; sourceTree = "<group>"; };
		B0904F94226F858E007842CA /* OBGameSceneViewController.swift */ = {isa = PBXFileReference; lastKnownFileType = sourcecode.swift; path = OBGameSceneViewController.swift; sourceTree = "<group>"; };
		B0904F97226F858E007842CA /* Base */ = {isa = PBXFileReference; lastKnownFileType = file.storyboard; name = Base; path = Base.lproj/Main.storyboard; sourceTree = "<group>"; };
		B0904F99226F858F007842CA /* Assets.xcassets */ = {isa = PBXFileReference; lastKnownFileType = folder.assetcatalog; path = Assets.xcassets; sourceTree = "<group>"; };
		B0904F9C226F858F007842CA /* Base */ = {isa = PBXFileReference; lastKnownFileType = file.storyboard; name = Base; path = Base.lproj/LaunchScreen.storyboard; sourceTree = "<group>"; };
		B0904FA8226F8656007842CA /* OBMapView.swift */ = {isa = PBXFileReference; lastKnownFileType = sourcecode.swift; path = OBMapView.swift; sourceTree = "<group>"; };
		B0920DD1238C823E006A1085 /* OBConfirmationViewController.storyboard */ = {isa = PBXFileReference; lastKnownFileType = file.storyboard; path = OBConfirmationViewController.storyboard; sourceTree = "<group>"; };
		B09B116A235B11350007F9EE /* uk */ = {isa = PBXFileReference; lastKnownFileType = text.plist.strings; name = uk; path = uk.lproj/Main.strings; sourceTree = "<group>"; };
		B09CF0CA22832ABA00BC7FED /* OBSettings.swift */ = {isa = PBXFileReference; lastKnownFileType = sourcecode.swift; path = OBSettings.swift; sourceTree = "<group>"; };
		B09CF0CC2283391E00BC7FED /* String+localized(in language.swift */ = {isa = PBXFileReference; lastKnownFileType = sourcecode.swift; path = "String+localized(in language.swift"; sourceTree = "<group>"; };
		B0AAE784228497BA002D7264 /* OBSettingsController.swift */ = {isa = PBXFileReference; lastKnownFileType = sourcecode.swift; path = OBSettingsController.swift; sourceTree = "<group>"; };
		B0AD695F22D3A16B0092FAEA /* OBGameControllerTests.swift */ = {isa = PBXFileReference; lastKnownFileType = sourcecode.swift; path = OBGameControllerTests.swift; sourceTree = "<group>"; };
		B0BFD4F92297151E002EA6EF /* OBRemovableObserver.swift */ = {isa = PBXFileReference; lastKnownFileType = sourcecode.swift; path = OBRemovableObserver.swift; sourceTree = "<group>"; };
		B0C1DAF622B7DFF8002AB6D9 /* en */ = {isa = PBXFileReference; lastKnownFileType = text.plist.strings; name = en; path = en.lproj/Main.strings; sourceTree = "<group>"; };
		B0C1DAF822B7E0C7002AB6D9 /* ru */ = {isa = PBXFileReference; lastKnownFileType = text.plist.strings; name = ru; path = ru.lproj/Main.strings; sourceTree = "<group>"; };
		B0C4168522BA45E30058633F /* Completion Bell.m4a */ = {isa = PBXFileReference; lastKnownFileType = file; path = "Completion Bell.m4a"; sourceTree = "<group>"; };
		B0C49DEA227A2B2400561892 /* GameColorExtensions.swift */ = {isa = PBXFileReference; lastKnownFileType = sourcecode.swift; path = GameColorExtensions.swift; sourceTree = "<group>"; };
		B0C7D80E2288DA36006D8BE8 /* OBLanguageSettingTableViewController.swift */ = {isa = PBXFileReference; lastKnownFileType = sourcecode.swift; path = OBLanguageSettingTableViewController.swift; sourceTree = "<group>"; };
		B0C95BD422A45135005A18A8 /* OBConfirmationViewController.swift */ = {isa = PBXFileReference; lastKnownFileType = sourcecode.swift; path = OBConfirmationViewController.swift; sourceTree = "<group>"; };
		B0CFD85A22AD470E00AB3465 /* Settings.bundle */ = {isa = PBXFileReference; lastKnownFileType = "wrapper.plug-in"; path = Settings.bundle; sourceTree = "<group>"; };
		B0D0EA2B229E010000278597 /* OBPresentationStyleAdjustable.swift */ = {isa = PBXFileReference; lastKnownFileType = sourcecode.swift; path = OBPresentationStyleAdjustable.swift; sourceTree = "<group>"; };
		B0E164B7228C4BD700615DC5 /* OBHighscoreViewController.swift */ = {isa = PBXFileReference; lastKnownFileType = sourcecode.swift; path = OBHighscoreViewController.swift; sourceTree = "<group>"; };
		B0E1846E2281AA21008E5C6D /* en */ = {isa = PBXFileReference; lastKnownFileType = text.plist.strings; name = en; path = en.lproj/Localizable.strings; sourceTree = "<group>"; };
		B0E184772281B6C6008E5C6D /* ru */ = {isa = PBXFileReference; lastKnownFileType = text.plist.strings; name = ru; path = ru.lproj/Localizable.strings; sourceTree = "<group>"; };
		B0E184782281B6C6008E5C6D /* uk */ = {isa = PBXFileReference; lastKnownFileType = text.plist.strings; name = uk; path = uk.lproj/Localizable.strings; sourceTree = "<group>"; };
		B0E1EE1622B680D8004640D6 /* Wrong Answer Strings.m4a */ = {isa = PBXFileReference; lastKnownFileType = file; path = "Wrong Answer Strings.m4a"; sourceTree = "<group>"; };
		B0E1EE1722B680D9004640D6 /* Correct Answer Bell.m4a */ = {isa = PBXFileReference; lastKnownFileType = file; path = "Correct Answer Bell.m4a"; sourceTree = "<group>"; };
		B0E1EE1B22B68156004640D6 /* OBSoundController.swift */ = {isa = PBXFileReference; lastKnownFileType = sourcecode.swift; path = OBSoundController.swift; sourceTree = "<group>"; };
		B0E8559722820D0A00265D68 /* Info.plist */ = {isa = PBXFileReference; fileEncoding = 4; lastKnownFileType = text.plist.xml; path = Info.plist; sourceTree = "<group>"; };
		B0EF924C22898611000DC283 /* en */ = {isa = PBXFileReference; lastKnownFileType = text.plist.strings; name = en; path = en.lproj/RegionNames.strings; sourceTree = "<group>"; };
		B0EF924E2289862C000DC283 /* ru */ = {isa = PBXFileReference; fileEncoding = 4; lastKnownFileType = text.plist.strings; name = ru; path = ru.lproj/RegionNames.strings; sourceTree = "<group>"; };
		B0EF924F22898637000DC283 /* uk */ = {isa = PBXFileReference; fileEncoding = 4; lastKnownFileType = text.plist.strings; name = uk; path = uk.lproj/RegionNames.strings; sourceTree = "<group>"; };
		B0F2ACCD238C8FA900A9B8F7 /* OBModeSettingTableViewController.storyboard */ = {isa = PBXFileReference; lastKnownFileType = file.storyboard; path = OBModeSettingTableViewController.storyboard; sourceTree = "<group>"; };
		B0FE111122CDDCCF001B5246 /* OBSettingsControllerTests.swift */ = {isa = PBXFileReference; lastKnownFileType = sourcecode.swift; path = OBSettingsControllerTests.swift; sourceTree = "<group>"; };
		B0FE62A222C8119A004905B3 /* UIBezierPath+initFromJSON.swift */ = {isa = PBXFileReference; lastKnownFileType = sourcecode.swift; path = "UIBezierPath+initFromJSON.swift"; sourceTree = "<group>"; };
		B0FE62A422C8203B004905B3 /* CGPoint+failableInit.swift */ = {isa = PBXFileReference; lastKnownFileType = sourcecode.swift; path = "CGPoint+failableInit.swift"; sourceTree = "<group>"; };
/* End PBXFileReference section */

/* Begin PBXFrameworksBuildPhase section */
		B008ED0722CD115C0024217F /* Frameworks */ = {
			isa = PBXFrameworksBuildPhase;
			buildActionMask = 2147483647;
			files = (
			);
			runOnlyForDeploymentPostprocessing = 0;
		};
		B0904F8C226F858E007842CA /* Frameworks */ = {
			isa = PBXFrameworksBuildPhase;
			buildActionMask = 2147483647;
			files = (
			);
			runOnlyForDeploymentPostprocessing = 0;
		};
/* End PBXFrameworksBuildPhase section */

/* Begin PBXGroup section */
		B008ED0B22CD115C0024217F /* Oblasti UATests */ = {
			isa = PBXGroup;
			children = (
				B008ED1422CD125D0024217F /* OBMapViewTests.swift */,
				B0FE111122CDDCCF001B5246 /* OBSettingsControllerTests.swift */,
				B0AD695F22D3A16B0092FAEA /* OBGameControllerTests.swift */,
				B008ED0E22CD115C0024217F /* Info.plist */,
			);
			path = "Oblasti UATests";
			sourceTree = "<group>";
		};
		B05E15C522746CEF007C85AF /* Models */ = {
			isa = PBXGroup;
			children = (
				B05E15C322746CDF007C85AF /* OBRegion.swift */,
				B07C5F6C2280435D009059A7 /* OBGame.swift */,
				B09CF0CA22832ABA00BC7FED /* OBSettings.swift */,
			);
			path = Models;
			sourceTree = "<group>";
		};
		B05E15CA2274761F007C85AF /* Protocols */ = {
			isa = PBXGroup;
			children = (
				B05A2AAD227A553400D8BA5C /* OBGameControllerDelegate.swift */,
				B06B4E7722A680B000C0797B /* OBPauseViewControllerDelegate.swift */,
				B0BFD4F92297151E002EA6EF /* OBRemovableObserver.swift */,
				B06F0E53229AFCAF00AD9A25 /* OBDefaultsKeyControllable.swift */,
				B0D0EA2B229E010000278597 /* OBPresentationStyleAdjustable.swift */,
			);
			path = Protocols;
			sourceTree = "<group>";
		};
		B0904F86226F858E007842CA = {
			isa = PBXGroup;
			children = (
				B0904F91226F858E007842CA /* Oblasti UA */,
				B008ED0B22CD115C0024217F /* Oblasti UATests */,
				B0904F90226F858E007842CA /* Products */,
			);
			sourceTree = "<group>";
		};
		B0904F90226F858E007842CA /* Products */ = {
			isa = PBXGroup;
			children = (
				B0904F8F226F858E007842CA /* Oblasti UA.app */,
				B008ED0A22CD115C0024217F /* Oblasti UATests.xctest */,
			);
			name = Products;
			sourceTree = "<group>";
		};
		B0904F91226F858E007842CA /* Oblasti UA */ = {
			isa = PBXGroup;
			children = (
				B05E15C522746CEF007C85AF /* Models */,
				B0ECE4A82270A7DC00055349 /* Views */,
				B0ECE4A92270ABE000055349 /* Controllers */,
				B05E15CA2274761F007C85AF /* Protocols */,
				B0CC90FC2273B3DE0075931E /* Extensions */,
				B0ECE4AA2270ABFB00055349 /* Supporting Files */,
				B0904F99226F858F007842CA /* Assets.xcassets */,
				B0E1EE1A22B680F9004640D6 /* Audio */,
			);
			path = "Oblasti UA";
			sourceTree = "<group>";
		};
		B0CC90FC2273B3DE0075931E /* Extensions */ = {
			isa = PBXGroup;
			children = (
				B04DE4832285B2A700939C4E /* UIViewController+dismissNavigationController.swift */,
				B040E89F228AD6F3009C05D8 /* UITableViewCell+set(enabled.swift */,
				B0FE62A222C8119A004905B3 /* UIBezierPath+initFromJSON.swift */,
				B063BE0E22C8D16B0070C9F9 /* JSONDictionary.swift */,
				B0FE62A422C8203B004905B3 /* CGPoint+failableInit.swift */,
				B040E8A1228AE74F009C05D8 /* UIView+set(hidden animationDuration.swift */,
				B09CF0CC2283391E00BC7FED /* String+localized(in language.swift */,
				B0C49DEA227A2B2400561892 /* GameColorExtensions.swift */,
				B05844F8229BD7F7004836FE /* Custom Notification Names.swift */,
			);
			path = Extensions;
			sourceTree = "<group>";
		};
		B0E1EE1A22B680F9004640D6 /* Audio */ = {
			isa = PBXGroup;
			children = (
				B0E1EE1722B680D9004640D6 /* Correct Answer Bell.m4a */,
				B0E1EE1622B680D8004640D6 /* Wrong Answer Strings.m4a */,
				B0C4168522BA45E30058633F /* Completion Bell.m4a */,
				B028F39022BAF66600133A8A /* New Highscore Wind Tunes.m4a */,
			);
			path = Audio;
			sourceTree = "<group>";
		};
		B0ECE4A82270A7DC00055349 /* Views */ = {
			isa = PBXGroup;
			children = (
				B0904FA8226F8656007842CA /* OBMapView.swift */,
				B043EB06227C312A00F87F1F /* OBRoundCornerButton.swift */,
				B01BA8DA2298230D0035ED9D /* OBCustomRegionNameCell.swift */,
			);
			path = Views;
			sourceTree = "<group>";
		};
		B0ECE4A92270ABE000055349 /* Controllers */ = {
			isa = PBXGroup;
			children = (
				B02EFFFA227B445900825656 /* OBMenuViewController.swift */,
				B032668922A5BE1000EA767B /* OBPauseViewController.swift */,
				B07C5F6E22805F12009059A7 /* OBSettingsTableViewController.swift */,
				B04DE4812285A6A500939C4E /* OBSettingsNavigationController.swift */,
				B04DDB77228B4EB8008B9DD9 /* OBGameResultViewController.swift */,
				B043EB04227C2A9F00F87F1F /* OBInfoViewController.swift */,
				B0E164B7228C4BD700615DC5 /* OBHighscoreViewController.swift */,
				B01BA8D8229810270035ED9D /* OBCustomRegionNamesTableViewController.swift */,
				B04DE47F22858F8D00939C4E /* OBModeSettingTableViewController.swift */,
				B0C7D80E2288DA36006D8BE8 /* OBLanguageSettingTableViewController.swift */,
				B0904F94226F858E007842CA /* OBGameSceneViewController.swift */,
				B0C95BD422A45135005A18A8 /* OBConfirmationViewController.swift */,
				B05E15C122746C9C007C85AF /* OBGameController.swift */,
				B0AAE784228497BA002D7264 /* OBSettingsController.swift */,
				B0E1EE1B22B68156004640D6 /* OBSoundController.swift */,
			);
			path = Controllers;
			sourceTree = "<group>";
		};
		B0ECE4AA2270ABFB00055349 /* Supporting Files */ = {
			isa = PBXGroup;
			children = (
				B0E8559722820D0A00265D68 /* Info.plist */,
				B042BEF9229C439400FE4A5C /* InfoPlist.strings */,
				B07A9ED2227CFC4400C4D2F0 /* OBResources.swift */,
				B07099A92292B743005D0C3E /* OBGameTimeFormatter.swift */,
				B0904F92226F858E007842CA /* AppDelegate.swift */,
				B05A884C22C54DB40013F52F /* Ukraine.json */,
				B0904F96226F858E007842CA /* Main.storyboard */,
				B0F2ACCD238C8FA900A9B8F7 /* OBModeSettingTableViewController.storyboard */,
				B0920DD1238C823E006A1085 /* OBConfirmationViewController.storyboard */,
				B03A945C238C7F8200CCE58E /* OBLanguageSettingTableViewController.storyboard */,
				B03A945E238C802400CCE58E /* OBCustomRegionNamesTableViewController.storyboard */,
				B028083B238C794E00E8436F /* OBInfoViewController.storyboard */,
				B03A9458238C7B4C00CCE58E /* OBHighscoreViewController.storyboard */,
				B03A945A238C7D3000CCE58E /* OBGameResultViewController.storyboard */,
				B0E1846F2281AA21008E5C6D /* Localizable.strings */,
				B0EF924D22898611000DC283 /* RegionNames.strings */,
				B0904F9B226F858F007842CA /* LaunchScreen.storyboard */,
				B0CFD85A22AD470E00AB3465 /* Settings.bundle */,
			);
			path = "Supporting Files";
			sourceTree = "<group>";
		};
/* End PBXGroup section */

/* Begin PBXNativeTarget section */
		B008ED0922CD115C0024217F /* Oblasti UATests */ = {
			isa = PBXNativeTarget;
			buildConfigurationList = B008ED1322CD115C0024217F /* Build configuration list for PBXNativeTarget "Oblasti UATests" */;
			buildPhases = (
				B008ED0622CD115C0024217F /* Sources */,
				B008ED0722CD115C0024217F /* Frameworks */,
				B008ED0822CD115C0024217F /* Resources */,
			);
			buildRules = (
			);
			dependencies = (
				B008ED1022CD115C0024217F /* PBXTargetDependency */,
			);
			name = "Oblasti UATests";
			productName = "Oblasti UATests";
			productReference = B008ED0A22CD115C0024217F /* Oblasti UATests.xctest */;
			productType = "com.apple.product-type.bundle.unit-test";
		};
		B0904F8E226F858E007842CA /* Oblasti UA */ = {
			isa = PBXNativeTarget;
			buildConfigurationList = B0904FA1226F858F007842CA /* Build configuration list for PBXNativeTarget "Oblasti UA" */;
			buildPhases = (
				B0904F8B226F858E007842CA /* Sources */,
				B0904F8C226F858E007842CA /* Frameworks */,
				B0904F8D226F858E007842CA /* Resources */,
			);
			buildRules = (
			);
			dependencies = (
			);
			name = "Oblasti UA";
			productName = "Oblasti UA";
			productReference = B0904F8F226F858E007842CA /* Oblasti UA.app */;
			productType = "com.apple.product-type.application";
		};
/* End PBXNativeTarget section */

/* Begin PBXProject section */
		B0904F87226F858E007842CA /* Project object */ = {
			isa = PBXProject;
			attributes = {
				LastSwiftUpdateCheck = 1020;
				LastUpgradeCheck = 1020;
				ORGANIZATIONNAME = "Artem Yelizarov";
				TargetAttributes = {
					B008ED0922CD115C0024217F = {
						CreatedOnToolsVersion = 10.2;
						TestTargetID = B0904F8E226F858E007842CA;
					};
					B0904F8E226F858E007842CA = {
						CreatedOnToolsVersion = 10.2;
					};
				};
			};
			buildConfigurationList = B0904F8A226F858E007842CA /* Build configuration list for PBXProject "Oblasti UA" */;
			compatibilityVersion = "Xcode 9.3";
			developmentRegion = en;
			hasScannedForEncodings = 0;
			knownRegions = (
				en,
				Base,
				ru,
				uk,
				"zh-Hans",
			);
			mainGroup = B0904F86226F858E007842CA;
			productRefGroup = B0904F90226F858E007842CA /* Products */;
			projectDirPath = "";
			projectRoot = "";
			targets = (
				B0904F8E226F858E007842CA /* Oblasti UA */,
				B008ED0922CD115C0024217F /* Oblasti UATests */,
			);
		};
/* End PBXProject section */

/* Begin PBXResourcesBuildPhase section */
		B008ED0822CD115C0024217F /* Resources */ = {
			isa = PBXResourcesBuildPhase;
			buildActionMask = 2147483647;
			files = (
				B03A9460238C803F00CCE58E /* OBLanguageSettingTableViewController.storyboard in Resources */,
				B03A9462238C803F00CCE58E /* OBInfoViewController.storyboard in Resources */,
				B03A9461238C803F00CCE58E /* OBCustomRegionNamesTableViewController.storyboard in Resources */,
				B03A9464238C803F00CCE58E /* OBGameResultViewController.storyboard in Resources */,
				B03A9463238C803F00CCE58E /* OBHighscoreViewController.storyboard in Resources */,
			);
			runOnlyForDeploymentPostprocessing = 0;
		};
		B0904F8D226F858E007842CA /* Resources */ = {
			isa = PBXResourcesBuildPhase;
			buildActionMask = 2147483647;
			files = (
				B03A945D238C7F8200CCE58E /* OBLanguageSettingTableViewController.storyboard in Resources */,
				B0E1846D2281AA21008E5C6D /* Localizable.strings in Resources */,
				B03A9459238C7B4C00CCE58E /* OBHighscoreViewController.storyboard in Resources */,
				B05A884D22C54DB50013F52F /* Ukraine.json in Resources */,
				B0E1EE1822B680D9004640D6 /* Wrong Answer Strings.m4a in Resources */,
				B028083C238C794E00E8436F /* OBInfoViewController.storyboard in Resources */,
				B042BEF7229C439400FE4A5C /* InfoPlist.strings in Resources */,
				B028F39122BAF66600133A8A /* New Highscore Wind Tunes.m4a in Resources */,
				B0F2ACCE238C8FA900A9B8F7 /* OBModeSettingTableViewController.storyboard in Resources */,
				B0904F9D226F858F007842CA /* LaunchScreen.storyboard in Resources */,
				B03A945F238C802400CCE58E /* OBCustomRegionNamesTableViewController.storyboard in Resources */,
				B03A945B238C7D3000CCE58E /* OBGameResultViewController.storyboard in Resources */,
				B0904F9A226F858F007842CA /* Assets.xcassets in Resources */,
				B0C4168622BA45E40058633F /* Completion Bell.m4a in Resources */,
				B0EF924B22898611000DC283 /* RegionNames.strings in Resources */,
				B0CFD85B22AD470E00AB3465 /* Settings.bundle in Resources */,
				B0920DD2238C823E006A1085 /* OBConfirmationViewController.storyboard in Resources */,
				B0E1EE1922B680D9004640D6 /* Correct Answer Bell.m4a in Resources */,
				B0904F98226F858E007842CA /* Main.storyboard in Resources */,
			);
			runOnlyForDeploymentPostprocessing = 0;
		};
/* End PBXResourcesBuildPhase section */

/* Begin PBXSourcesBuildPhase section */
		B008ED0622CD115C0024217F /* Sources */ = {
			isa = PBXSourcesBuildPhase;
			buildActionMask = 2147483647;
			files = (
				B0AD696022D3A16B0092FAEA /* OBGameControllerTests.swift in Sources */,
				B008ED1522CD125D0024217F /* OBMapViewTests.swift in Sources */,
				B0FE111222CDDCCF001B5246 /* OBSettingsControllerTests.swift in Sources */,
			);
			runOnlyForDeploymentPostprocessing = 0;
		};
		B0904F8B226F858E007842CA /* Sources */ = {
			isa = PBXSourcesBuildPhase;
			buildActionMask = 2147483647;
			files = (
				B04DE4842285B2A700939C4E /* UIViewController+dismissNavigationController.swift in Sources */,
				B04DE48022858F8D00939C4E /* OBModeSettingTableViewController.swift in Sources */,
				B043EB07227C312A00F87F1F /* OBRoundCornerButton.swift in Sources */,
				B0D0EA2C229E010000278597 /* OBPresentationStyleAdjustable.swift in Sources */,
				B0904F95226F858E007842CA /* OBGameSceneViewController.swift in Sources */,
				B0C95BD522A45135005A18A8 /* OBConfirmationViewController.swift in Sources */,
				B0AAE785228497BA002D7264 /* OBSettingsController.swift in Sources */,
				B07A9ED3227CFC4400C4D2F0 /* OBResources.swift in Sources */,
				B05A2AAE227A553400D8BA5C /* OBGameControllerDelegate.swift in Sources */,
				B04DDB78228B4EB8008B9DD9 /* OBGameResultViewController.swift in Sources */,
				B07C5F6F22805F12009059A7 /* OBSettingsTableViewController.swift in Sources */,
				B0BFD4FA2297151E002EA6EF /* OBRemovableObserver.swift in Sources */,
				B07099AA2292B743005D0C3E /* OBGameTimeFormatter.swift in Sources */,
				B0FE62A522C8203B004905B3 /* CGPoint+failableInit.swift in Sources */,
				B0904FA9226F8656007842CA /* OBMapView.swift in Sources */,
				B01BA8D9229810270035ED9D /* OBCustomRegionNamesTableViewController.swift in Sources */,
				B05844F9229BD7F7004836FE /* Custom Notification Names.swift in Sources */,
				B0E164B8228C4BD700615DC5 /* OBHighscoreViewController.swift in Sources */,
				B0904F93226F858E007842CA /* AppDelegate.swift in Sources */,
				B09CF0CB22832ABA00BC7FED /* OBSettings.swift in Sources */,
				B043EB05227C2A9F00F87F1F /* OBInfoViewController.swift in Sources */,
				B040E8A0228AD6F3009C05D8 /* UITableViewCell+set(enabled.swift in Sources */,
				B04DE4822285A6A500939C4E /* OBSettingsNavigationController.swift in Sources */,
				B02EFFFB227B445900825656 /* OBMenuViewController.swift in Sources */,
				B07C5F6D2280435D009059A7 /* OBGame.swift in Sources */,
				B0C49DEB227A2B2400561892 /* GameColorExtensions.swift in Sources */,
				B032668A22A5BE1000EA767B /* OBPauseViewController.swift in Sources */,
				B01BA8DB2298230D0035ED9D /* OBCustomRegionNameCell.swift in Sources */,
				B09CF0CD2283391E00BC7FED /* String+localized(in language.swift in Sources */,
				B05E15C422746CDF007C85AF /* OBRegion.swift in Sources */,
				B05E15C222746C9C007C85AF /* OBGameController.swift in Sources */,
				B063BE0F22C8D16B0070C9F9 /* JSONDictionary.swift in Sources */,
				B06F0E54229AFCAF00AD9A25 /* OBDefaultsKeyControllable.swift in Sources */,
				B0FE62A322C8119A004905B3 /* UIBezierPath+initFromJSON.swift in Sources */,
				B0E1EE1C22B68156004640D6 /* OBSoundController.swift in Sources */,
				B040E8A2228AE74F009C05D8 /* UIView+set(hidden animationDuration.swift in Sources */,
				B06B4E7822A680B000C0797B /* OBPauseViewControllerDelegate.swift in Sources */,
				B0C7D80F2288DA36006D8BE8 /* OBLanguageSettingTableViewController.swift in Sources */,
			);
			runOnlyForDeploymentPostprocessing = 0;
		};
/* End PBXSourcesBuildPhase section */

/* Begin PBXTargetDependency section */
		B008ED1022CD115C0024217F /* PBXTargetDependency */ = {
			isa = PBXTargetDependency;
			target = B0904F8E226F858E007842CA /* Oblasti UA */;
			targetProxy = B008ED0F22CD115C0024217F /* PBXContainerItemProxy */;
		};
/* End PBXTargetDependency section */

/* Begin PBXVariantGroup section */
		B042BEF9229C439400FE4A5C /* InfoPlist.strings */ = {
			isa = PBXVariantGroup;
			children = (
				B042BEF8229C439400FE4A5C /* en */,
				B042BEFA229C439800FE4A5C /* ru */,
				B042BEFB229C439A00FE4A5C /* uk */,
			);
			name = InfoPlist.strings;
			sourceTree = "<group>";
		};
		B0904F96226F858E007842CA /* Main.storyboard */ = {
			isa = PBXVariantGroup;
			children = (
				B0904F97226F858E007842CA /* Base */,
				B0C1DAF622B7DFF8002AB6D9 /* en */,
				B0C1DAF822B7E0C7002AB6D9 /* ru */,
				B09B116A235B11350007F9EE /* uk */,
			);
			name = Main.storyboard;
			sourceTree = "<group>";
		};
		B0904F9B226F858F007842CA /* LaunchScreen.storyboard */ = {
			isa = PBXVariantGroup;
			children = (
				B0904F9C226F858F007842CA /* Base */,
			);
			name = LaunchScreen.storyboard;
			sourceTree = "<group>";
		};
		B0E1846F2281AA21008E5C6D /* Localizable.strings */ = {
			isa = PBXVariantGroup;
			children = (
				B0E1846E2281AA21008E5C6D /* en */,
				B0E184772281B6C6008E5C6D /* ru */,
				B0E184782281B6C6008E5C6D /* uk */,
			);
			name = Localizable.strings;
			sourceTree = "<group>";
		};
		B0EF924D22898611000DC283 /* RegionNames.strings */ = {
			isa = PBXVariantGroup;
			children = (
				B0EF924C22898611000DC283 /* en */,
				B0EF924E2289862C000DC283 /* ru */,
				B0EF924F22898637000DC283 /* uk */,
				B082A4352289934B0029C1CF /* zh-Hans */,
			);
			name = RegionNames.strings;
			sourceTree = "<group>";
		};
/* End PBXVariantGroup section */

/* Begin XCBuildConfiguration section */
		B008ED1122CD115C0024217F /* Debug */ = {
			isa = XCBuildConfiguration;
			buildSettings = {
				BUNDLE_LOADER = "$(TEST_HOST)";
				CODE_SIGN_STYLE = Automatic;
				DEVELOPMENT_TEAM = ZG5795UF78;
				INFOPLIST_FILE = "Oblasti UATests/Info.plist";
				LD_RUNPATH_SEARCH_PATHS = (
					"$(inherited)",
					"@executable_path/Frameworks",
					"@loader_path/Frameworks",
				);
				PRODUCT_BUNDLE_IDENTIFIER = "com.artemyelizarov.Oblasti-UATests";
				PRODUCT_NAME = "$(TARGET_NAME)";
				SWIFT_VERSION = 5.0;
				TARGETED_DEVICE_FAMILY = "1,2";
				TEST_HOST = "$(BUILT_PRODUCTS_DIR)/Oblasti UA.app/Oblasti UA";
			};
			name = Debug;
		};
		B008ED1222CD115C0024217F /* Release */ = {
			isa = XCBuildConfiguration;
			buildSettings = {
				BUNDLE_LOADER = "$(TEST_HOST)";
				CODE_SIGN_STYLE = Automatic;
				DEVELOPMENT_TEAM = ZG5795UF78;
				INFOPLIST_FILE = "Oblasti UATests/Info.plist";
				LD_RUNPATH_SEARCH_PATHS = (
					"$(inherited)",
					"@executable_path/Frameworks",
					"@loader_path/Frameworks",
				);
				PRODUCT_BUNDLE_IDENTIFIER = "com.artemyelizarov.Oblasti-UATests";
				PRODUCT_NAME = "$(TARGET_NAME)";
				SWIFT_VERSION = 5.0;
				TARGETED_DEVICE_FAMILY = "1,2";
				TEST_HOST = "$(BUILT_PRODUCTS_DIR)/Oblasti UA.app/Oblasti UA";
			};
			name = Release;
		};
		B0904F9F226F858F007842CA /* Debug */ = {
			isa = XCBuildConfiguration;
			buildSettings = {
				ALWAYS_SEARCH_USER_PATHS = NO;
				CLANG_ANALYZER_LOCALIZABILITY_NONLOCALIZED = YES;
				CLANG_ANALYZER_NONNULL = YES;
				CLANG_ANALYZER_NUMBER_OBJECT_CONVERSION = YES_AGGRESSIVE;
				CLANG_CXX_LANGUAGE_STANDARD = "gnu++14";
				CLANG_CXX_LIBRARY = "libc++";
				CLANG_ENABLE_MODULES = YES;
				CLANG_ENABLE_OBJC_ARC = YES;
				CLANG_ENABLE_OBJC_WEAK = YES;
				CLANG_WARN_BLOCK_CAPTURE_AUTORELEASING = YES;
				CLANG_WARN_BOOL_CONVERSION = YES;
				CLANG_WARN_COMMA = YES;
				CLANG_WARN_CONSTANT_CONVERSION = YES;
				CLANG_WARN_DEPRECATED_OBJC_IMPLEMENTATIONS = YES;
				CLANG_WARN_DIRECT_OBJC_ISA_USAGE = YES_ERROR;
				CLANG_WARN_DOCUMENTATION_COMMENTS = YES;
				CLANG_WARN_EMPTY_BODY = YES;
				CLANG_WARN_ENUM_CONVERSION = YES;
				CLANG_WARN_INFINITE_RECURSION = YES;
				CLANG_WARN_INT_CONVERSION = YES;
				CLANG_WARN_NON_LITERAL_NULL_CONVERSION = YES;
				CLANG_WARN_OBJC_IMPLICIT_RETAIN_SELF = YES;
				CLANG_WARN_OBJC_LITERAL_CONVERSION = YES;
				CLANG_WARN_OBJC_ROOT_CLASS = YES_ERROR;
				CLANG_WARN_RANGE_LOOP_ANALYSIS = YES;
				CLANG_WARN_STRICT_PROTOTYPES = YES;
				CLANG_WARN_SUSPICIOUS_MOVE = YES;
				CLANG_WARN_UNGUARDED_AVAILABILITY = YES_AGGRESSIVE;
				CLANG_WARN_UNREACHABLE_CODE = YES;
				CLANG_WARN__DUPLICATE_METHOD_MATCH = YES;
				CODE_SIGN_IDENTITY = "iPhone Developer";
				COPY_PHASE_STRIP = NO;
				DEBUG_INFORMATION_FORMAT = dwarf;
				ENABLE_STRICT_OBJC_MSGSEND = YES;
				ENABLE_TESTABILITY = YES;
				GCC_C_LANGUAGE_STANDARD = gnu11;
				GCC_DYNAMIC_NO_PIC = NO;
				GCC_NO_COMMON_BLOCKS = YES;
				GCC_OPTIMIZATION_LEVEL = 0;
				GCC_PREPROCESSOR_DEFINITIONS = (
					"DEBUG=1",
					"$(inherited)",
				);
				GCC_WARN_64_TO_32_BIT_CONVERSION = YES;
				GCC_WARN_ABOUT_RETURN_TYPE = YES_ERROR;
				GCC_WARN_UNDECLARED_SELECTOR = YES;
				GCC_WARN_UNINITIALIZED_AUTOS = YES_AGGRESSIVE;
				GCC_WARN_UNUSED_FUNCTION = YES;
				GCC_WARN_UNUSED_VARIABLE = YES;
				IPHONEOS_DEPLOYMENT_TARGET = 12.4;
				MTL_ENABLE_DEBUG_INFO = INCLUDE_SOURCE;
				MTL_FAST_MATH = YES;
				ONLY_ACTIVE_ARCH = YES;
				SDKROOT = iphoneos;
				SWIFT_ACTIVE_COMPILATION_CONDITIONS = DEBUG;
				SWIFT_OPTIMIZATION_LEVEL = "-Onone";
			};
			name = Debug;
		};
		B0904FA0226F858F007842CA /* Release */ = {
			isa = XCBuildConfiguration;
			buildSettings = {
				ALWAYS_SEARCH_USER_PATHS = NO;
				CLANG_ANALYZER_LOCALIZABILITY_NONLOCALIZED = YES;
				CLANG_ANALYZER_NONNULL = YES;
				CLANG_ANALYZER_NUMBER_OBJECT_CONVERSION = YES_AGGRESSIVE;
				CLANG_CXX_LANGUAGE_STANDARD = "gnu++14";
				CLANG_CXX_LIBRARY = "libc++";
				CLANG_ENABLE_MODULES = YES;
				CLANG_ENABLE_OBJC_ARC = YES;
				CLANG_ENABLE_OBJC_WEAK = YES;
				CLANG_WARN_BLOCK_CAPTURE_AUTORELEASING = YES;
				CLANG_WARN_BOOL_CONVERSION = YES;
				CLANG_WARN_COMMA = YES;
				CLANG_WARN_CONSTANT_CONVERSION = YES;
				CLANG_WARN_DEPRECATED_OBJC_IMPLEMENTATIONS = YES;
				CLANG_WARN_DIRECT_OBJC_ISA_USAGE = YES_ERROR;
				CLANG_WARN_DOCUMENTATION_COMMENTS = YES;
				CLANG_WARN_EMPTY_BODY = YES;
				CLANG_WARN_ENUM_CONVERSION = YES;
				CLANG_WARN_INFINITE_RECURSION = YES;
				CLANG_WARN_INT_CONVERSION = YES;
				CLANG_WARN_NON_LITERAL_NULL_CONVERSION = YES;
				CLANG_WARN_OBJC_IMPLICIT_RETAIN_SELF = YES;
				CLANG_WARN_OBJC_LITERAL_CONVERSION = YES;
				CLANG_WARN_OBJC_ROOT_CLASS = YES_ERROR;
				CLANG_WARN_RANGE_LOOP_ANALYSIS = YES;
				CLANG_WARN_STRICT_PROTOTYPES = YES;
				CLANG_WARN_SUSPICIOUS_MOVE = YES;
				CLANG_WARN_UNGUARDED_AVAILABILITY = YES_AGGRESSIVE;
				CLANG_WARN_UNREACHABLE_CODE = YES;
				CLANG_WARN__DUPLICATE_METHOD_MATCH = YES;
				CODE_SIGN_IDENTITY = "iPhone Developer";
				COPY_PHASE_STRIP = NO;
				DEBUG_INFORMATION_FORMAT = "dwarf-with-dsym";
				ENABLE_NS_ASSERTIONS = NO;
				ENABLE_STRICT_OBJC_MSGSEND = YES;
				GCC_C_LANGUAGE_STANDARD = gnu11;
				GCC_NO_COMMON_BLOCKS = YES;
				GCC_WARN_64_TO_32_BIT_CONVERSION = YES;
				GCC_WARN_ABOUT_RETURN_TYPE = YES_ERROR;
				GCC_WARN_UNDECLARED_SELECTOR = YES;
				GCC_WARN_UNINITIALIZED_AUTOS = YES_AGGRESSIVE;
				GCC_WARN_UNUSED_FUNCTION = YES;
				GCC_WARN_UNUSED_VARIABLE = YES;
				IPHONEOS_DEPLOYMENT_TARGET = 12.4;
				MTL_ENABLE_DEBUG_INFO = NO;
				MTL_FAST_MATH = YES;
				SDKROOT = iphoneos;
				SWIFT_COMPILATION_MODE = wholemodule;
				SWIFT_OPTIMIZATION_LEVEL = "-O";
				VALIDATE_PRODUCT = YES;
			};
			name = Release;
		};
		B0904FA2226F858F007842CA /* Debug */ = {
			isa = XCBuildConfiguration;
			buildSettings = {
				ASSETCATALOG_COMPILER_APPICON_NAME = AppIcon;
				CODE_SIGN_STYLE = Automatic;
				DEVELOPMENT_TEAM = ZG5795UF78;
				INFOPLIST_FILE = "$(SRCROOT)/Oblasti UA/Supporting Files/Info.plist";
				IPHONEOS_DEPLOYMENT_TARGET = 12.4;
				LD_RUNPATH_SEARCH_PATHS = (
					"$(inherited)",
					"@executable_path/Frameworks",
				);
				PRODUCT_BUNDLE_IDENTIFIER = com.artemyelizarov.OblastiUA;
				PRODUCT_NAME = "$(TARGET_NAME)";
				SWIFT_VERSION = 5.0;
				TARGETED_DEVICE_FAMILY = "1,2";
			};
			name = Debug;
		};
		B0904FA3226F858F007842CA /* Release */ = {
			isa = XCBuildConfiguration;
			buildSettings = {
				ASSETCATALOG_COMPILER_APPICON_NAME = AppIcon;
				CODE_SIGN_STYLE = Automatic;
				DEVELOPMENT_TEAM = ZG5795UF78;
				INFOPLIST_FILE = "$(SRCROOT)/Oblasti UA/Supporting Files/Info.plist";
				IPHONEOS_DEPLOYMENT_TARGET = 12.4;
				LD_RUNPATH_SEARCH_PATHS = (
					"$(inherited)",
					"@executable_path/Frameworks",
				);
				PRODUCT_BUNDLE_IDENTIFIER = com.artemyelizarov.OblastiUA;
				PRODUCT_NAME = "$(TARGET_NAME)";
				SWIFT_VERSION = 5.0;
				TARGETED_DEVICE_FAMILY = "1,2";
			};
			name = Release;
		};
/* End XCBuildConfiguration section */

/* Begin XCConfigurationList section */
		B008ED1322CD115C0024217F /* Build configuration list for PBXNativeTarget "Oblasti UATests" */ = {
			isa = XCConfigurationList;
			buildConfigurations = (
				B008ED1122CD115C0024217F /* Debug */,
				B008ED1222CD115C0024217F /* Release */,
			);
			defaultConfigurationIsVisible = 0;
			defaultConfigurationName = Release;
		};
		B0904F8A226F858E007842CA /* Build configuration list for PBXProject "Oblasti UA" */ = {
			isa = XCConfigurationList;
			buildConfigurations = (
				B0904F9F226F858F007842CA /* Debug */,
				B0904FA0226F858F007842CA /* Release */,
			);
			defaultConfigurationIsVisible = 0;
			defaultConfigurationName = Release;
		};
		B0904FA1226F858F007842CA /* Build configuration list for PBXNativeTarget "Oblasti UA" */ = {
			isa = XCConfigurationList;
			buildConfigurations = (
				B0904FA2226F858F007842CA /* Debug */,
				B0904FA3226F858F007842CA /* Release */,
			);
			defaultConfigurationIsVisible = 0;
			defaultConfigurationName = Release;
		};
/* End XCConfigurationList section */
	};
	rootObject = B0904F87226F858E007842CA /* Project object */;
}
